// !$*UTF8*$!
{
	archiveVersion = 1;
	classes = {
	};
	objectVersion = 77;
	objects = {

/* Begin PBXBuildFile section */
		6F65DDEA2F4DC8AD001559FA /* README.md in Resources */ = {isa = PBXBuildFile; fileRef = 6F65DDE92F4DC8AD001559FA /* README.md */; };
		6F65DDF12F51FD71001559FA /* README.txt in Resources */ = {isa = PBXBuildFile; fileRef = 6F65DDF02F51FD71001559FA /* README.txt */; };
/* End PBXBuildFile section */

/* Begin PBXContainerItemProxy section */
		6F65DDB22F473E2D001559FA /* PBXContainerItemProxy */ = {
			isa = PBXContainerItemProxy;
			containerPortal = 6F65DD992F473E2A001559FA /* Project object */;
			proxyType = 1;
			remoteGlobalIDString = 6F65DDA02F473E2A001559FA;
			remoteInfo = ckpit_sim;
		};
		6F65DDBC2F473E2D001559FA /* PBXContainerItemProxy */ = {
			isa = PBXContainerItemProxy;
			containerPortal = 6F65DD992F473E2A001559FA /* Project object */;
			proxyType = 1;
			remoteGlobalIDString = 6F65DDA02F473E2A001559FA;
			remoteInfo = ckpit_sim;
		};
/* End PBXContainerItemProxy section */

/* Begin PBXFileReference section */
		6F65DDA12F473E2A001559FA /* ckpit_sim.app */ = {isa = PBXFileReference; explicitFileType = wrapper.application; includeInIndex = 0; path = ckpit_sim.app; sourceTree = BUILT_PRODUCTS_DIR; };
		6F65DDB12F473E2D001559FA /* ckpit_simTests.xctest */ = {isa = PBXFileReference; explicitFileType = wrapper.cfbundle; includeInIndex = 0; path = ckpit_simTests.xctest; sourceTree = BUILT_PRODUCTS_DIR; };
		6F65DDBB2F473E2D001559FA /* ckpit_simUITests.xctest */ = {isa = PBXFileReference; explicitFileType = wrapper.cfbundle; includeInIndex = 0; path = ckpit_simUITests.xctest; sourceTree = BUILT_PRODUCTS_DIR; };
		6F65DDE92F4DC8AD001559FA /* README.md */ = {isa = PBXFileReference; lastKnownFileType = net.daringfireball.markdown; path = README.md; sourceTree = "<group>"; };
		6F65DDF02F51FD71001559FA /* README.txt */ = {isa = PBXFileReference; lastKnownFileType = text; path = README.txt; sourceTree = "<group>"; };
/* End PBXFileReference section */

/* Begin PBXFileSystemSynchronizedRootGroup section */
		6F65DDA32F473E2A001559FA /* ckpit_sim */ = {
			isa = PBXFileSystemSynchronizedRootGroup;
			path = ckpit_sim;
			sourceTree = "<group>";
		};
		6F65DDB42F473E2D001559FA /* ckpit_simTests */ = {
			isa = PBXFileSystemSynchronizedRootGroup;
			path = ckpit_simTests;
			sourceTree = "<group>";
		};
		6F65DDBE2F473E2D001559FA /* ckpit_simUITests */ = {
			isa = PBXFileSystemSynchronizedRootGroup;
			path = ckpit_simUITests;
			sourceTree = "<group>";
		};
		6F65DDDE2F4C6CF7001559FA /* c_layer */ = {
			isa = PBXFileSystemSynchronizedRootGroup;
			path = c_layer;
			sourceTree = "<group>";
		};
/* End PBXFileSystemSynchronizedRootGroup section */

/* Begin PBXFrameworksBuildPhase section */
		6F65DD9E2F473E2A001559FA /* Frameworks */ = {
			isa = PBXFrameworksBuildPhase;
			buildActionMask = 2147483647;
			files = (
			);
			runOnlyForDeploymentPostprocessing = 0;
		};
		6F65DDAE2F473E2D001559FA /* Frameworks */ = {
			isa = PBXFrameworksBuildPhase;
			buildActionMask = 2147483647;
			files = (
			);
			runOnlyForDeploymentPostprocessing = 0;
		};
		6F65DDB82F473E2D001559FA /* Frameworks */ = {
			isa = PBXFrameworksBuildPhase;
			buildActionMask = 2147483647;
			files = (
			);
			runOnlyForDeploymentPostprocessing = 0;
		};
/* End PBXFrameworksBuildPhase section */

/* Begin PBXGroup section */
		6F65DD982F473E2A001559FA = {
			isa = PBXGroup;
			children = (
				6F65DDF02F51FD71001559FA /* README.txt */,
				6F65DDE92F4DC8AD001559FA /* README.md */,
				6F65DDDE2F4C6CF7001559FA /* c_layer */,
				6F65DDA32F473E2A001559FA /* ckpit_sim */,
				6F65DDB42F473E2D001559FA /* ckpit_simTests */,
				6F65DDBE2F473E2D001559FA /* ckpit_simUITests */,
				6F65DDA22F473E2A001559FA /* Products */,
			);
			sourceTree = "<group>";
		};
		6F65DDA22F473E2A001559FA /* Products */ = {
			isa = PBXGroup;
			children = (
				6F65DDA12F473E2A001559FA /* ckpit_sim.app */,
				6F65DDB12F473E2D001559FA /* ckpit_simTests.xctest */,
				6F65DDBB2F473E2D001559FA /* ckpit_simUITests.xctest */,
			);
			name = Products;
			sourceTree = "<group>";
		};
/* End PBXGroup section */

/* Begin PBXNativeTarget section */
		6F65DDA02F473E2A001559FA /* ckpit_sim */ = {
			isa = PBXNativeTarget;
			buildConfigurationList = 6F65DDC52F473E2D001559FA /* Build configuration list for PBXNativeTarget "ckpit_sim" */;
			buildPhases = (
				6F65DD9D2F473E2A001559FA /* Sources */,
				6F65DD9E2F473E2A001559FA /* Frameworks */,
				6F65DD9F2F473E2A001559FA /* Resources */,
			);
			buildRules = (
			);
			dependencies = (
			);
			fileSystemSynchronizedGroups = (
				6F65DDA32F473E2A001559FA /* ckpit_sim */,
				6F65DDDE2F4C6CF7001559FA /* c_layer */,
			);
			name = ckpit_sim;
			packageProductDependencies = (
			);
			productName = ckpit_sim;
			productReference = 6F65DDA12F473E2A001559FA /* ckpit_sim.app */;
			productType = "com.apple.product-type.application";
		};
		6F65DDB02F473E2D001559FA /* ckpit_simTests */ = {
			isa = PBXNativeTarget;
			buildConfigurationList = 6F65DDC82F473E2D001559FA /* Build configuration list for PBXNativeTarget "ckpit_simTests" */;
			buildPhases = (
				6F65DDAD2F473E2D001559FA /* Sources */,
				6F65DDAE2F473E2D001559FA /* Frameworks */,
				6F65DDAF2F473E2D001559FA /* Resources */,
			);
			buildRules = (
			);
			dependencies = (
				6F65DDB32F473E2D001559FA /* PBXTargetDependency */,
			);
			fileSystemSynchronizedGroups = (
				6F65DDB42F473E2D001559FA /* ckpit_simTests */,
			);
			name = ckpit_simTests;
			packageProductDependencies = (
			);
			productName = ckpit_simTests;
			productReference = 6F65DDB12F473E2D001559FA /* ckpit_simTests.xctest */;
			productType = "com.apple.product-type.bundle.unit-test";
		};
		6F65DDBA2F473E2D001559FA /* ckpit_simUITests */ = {
			isa = PBXNativeTarget;
			buildConfigurationList = 6F65DDCB2F473E2D001559FA /* Build configuration list for PBXNativeTarget "ckpit_simUITests" */;
			buildPhases = (
				6F65DDB72F473E2D001559FA /* Sources */,
				6F65DDB82F473E2D001559FA /* Frameworks */,
				6F65DDB92F473E2D001559FA /* Resources */,
			);
			buildRules = (
			);
			dependencies = (
				6F65DDBD2F473E2D001559FA /* PBXTargetDependency */,
			);
			fileSystemSynchronizedGroups = (
				6F65DDBE2F473E2D001559FA /* ckpit_simUITests */,
			);
			name = ckpit_simUITests;
			packageProductDependencies = (
			);
			productName = ckpit_simUITests;
			productReference = 6F65DDBB2F473E2D001559FA /* ckpit_simUITests.xctest */;
			productType = "com.apple.product-type.bundle.ui-testing";
		};
/* End PBXNativeTarget section */

/* Begin PBXProject section */
		6F65DD992F473E2A001559FA /* Project object */ = {
			isa = PBXProject;
			attributes = {
				BuildIndependentTargetsInParallel = 1;
				LastSwiftUpdateCheck = 1620;
				LastUpgradeCheck = 1620;
				TargetAttributes = {
					6F65DDA02F473E2A001559FA = {
						CreatedOnToolsVersion = 16.2;
						LastSwiftMigration = 1620;
					};
					6F65DDB02F473E2D001559FA = {
						CreatedOnToolsVersion = 16.2;
						TestTargetID = 6F65DDA02F473E2A001559FA;
					};
					6F65DDBA2F473E2D001559FA = {
						CreatedOnToolsVersion = 16.2;
						TestTargetID = 6F65DDA02F473E2A001559FA;
					};
				};
			};
			buildConfigurationList = 6F65DD9C2F473E2A001559FA /* Build configuration list for PBXProject "ckpit_sim" */;
			developmentRegion = en;
			hasScannedForEncodings = 0;
			knownRegions = (
				en,
				Base,
			);
			mainGroup = 6F65DD982F473E2A001559FA;
			minimizedProjectReferenceProxies = 1;
			preferredProjectObjectVersion = 77;
			productRefGroup = 6F65DDA22F473E2A001559FA /* Products */;
			projectDirPath = "";
			projectRoot = "";
			targets = (
				6F65DDA02F473E2A001559FA /* ckpit_sim */,
				6F65DDB02F473E2D001559FA /* ckpit_simTests */,
				6F65DDBA2F473E2D001559FA /* ckpit_simUITests */,
			);
		};
/* End PBXProject section */

/* Begin PBXResourcesBuildPhase section */
		6F65DD9F2F473E2A001559FA /* Resources */ = {
			isa = PBXResourcesBuildPhase;
			buildActionMask = 2147483647;
			files = (
				6F65DDEA2F4DC8AD001559FA /* README.md in Resources */,
				6F65DDF12F51FD71001559FA /* README.txt in Resources */,
			);
			runOnlyForDeploymentPostprocessing = 0;
		};
		6F65DDAF2F473E2D001559FA /* Resources */ = {
			isa = PBXResourcesBuildPhase;
			buildActionMask = 2147483647;
			files = (
			);
			runOnlyForDeploymentPostprocessing = 0;
		};
		6F65DDB92F473E2D001559FA /* Resources */ = {
			isa = PBXResourcesBuildPhase;
			buildActionMask = 2147483647;
			files = (
			);
			runOnlyForDeploymentPostprocessing = 0;
		};
/* End PBXResourcesBuildPhase section */

/* Begin PBXSourcesBuildPhase section */
		6F65DD9D2F473E2A001559FA /* Sources */ = {
			isa = PBXSourcesBuildPhase;
			buildActionMask = 2147483647;
			files = (
			);
			runOnlyForDeploymentPostprocessing = 0;
		};
		6F65DDAD2F473E2D001559FA /* Sources */ = {
			isa = PBXSourcesBuildPhase;
			buildActionMask = 2147483647;
			files = (
			);
			runOnlyForDeploymentPostprocessing = 0;
		};
		6F65DDB72F473E2D001559FA /* Sources */ = {
			isa = PBXSourcesBuildPhase;
			buildActionMask = 2147483647;
			files = (
			);
			runOnlyForDeploymentPostprocessing = 0;
		};
/* End PBXSourcesBuildPhase section */

/* Begin PBXTargetDependency section */
		6F65DDB32F473E2D001559FA /* PBXTargetDependency */ = {
			isa = PBXTargetDependency;
			target = 6F65DDA02F473E2A001559FA /* ckpit_sim */;
			targetProxy = 6F65DDB22F473E2D001559FA /* PBXContainerItemProxy */;
		};
		6F65DDBD2F473E2D001559FA /* PBXTargetDependency */ = {
			isa = PBXTargetDependency;
			target = 6F65DDA02F473E2A001559FA /* ckpit_sim */;
			targetProxy = 6F65DDBC2F473E2D001559FA /* PBXContainerItemProxy */;
		};
/* End PBXTargetDependency section */

/* Begin XCBuildConfiguration section */
		6F65DDC32F473E2D001559FA /* Debug */ = {
			isa = XCBuildConfiguration;
			buildSettings = {
				ALWAYS_SEARCH_USER_PATHS = NO;
				ASSETCATALOG_COMPILER_GENERATE_SWIFT_ASSET_SYMBOL_EXTENSIONS = YES;
				CLANG_ANALYZER_NONNULL = YES;
				CLANG_ANALYZER_NUMBER_OBJECT_CONVERSION = YES_AGGRESSIVE;
				CLANG_CXX_LANGUAGE_STANDARD = "gnu++20";
				CLANG_ENABLE_MODULES = YES;
				CLANG_ENABLE_OBJC_ARC = YES;
				CLANG_ENABLE_OBJC_WEAK = YES;
				CLANG_WARN_BLOCK_CAPTURE_AUTORELEASING = YES;
				CLANG_WARN_BOOL_CONVERSION = YES;
				CLANG_WARN_COMMA = YES;
				CLANG_WARN_CONSTANT_CONVERSION = YES;
				CLANG_WARN_DEPRECATED_OBJC_IMPLEMENTATIONS = YES;
				CLANG_WARN_DIRECT_OBJC_ISA_USAGE = YES_ERROR;
				CLANG_WARN_DOCUMENTATION_COMMENTS = YES;
				CLANG_WARN_EMPTY_BODY = YES;
				CLANG_WARN_ENUM_CONVERSION = YES;
				CLANG_WARN_INFINITE_RECURSION = YES;
				CLANG_WARN_INT_CONVERSION = YES;
				CLANG_WARN_NON_LITERAL_NULL_CONVERSION = YES;
				CLANG_WARN_OBJC_IMPLICIT_RETAIN_SELF = YES;
				CLANG_WARN_OBJC_LITERAL_CONVERSION = YES;
				CLANG_WARN_OBJC_ROOT_CLASS = YES_ERROR;
				CLANG_WARN_QUOTED_INCLUDE_IN_FRAMEWORK_HEADER = YES;
				CLANG_WARN_RANGE_LOOP_ANALYSIS = YES;
				CLANG_WARN_STRICT_PROTOTYPES = YES;
				CLANG_WARN_SUSPICIOUS_MOVE = YES;
				CLANG_WARN_UNGUARDED_AVAILABILITY = YES_AGGRESSIVE;
				CLANG_WARN_UNREACHABLE_CODE = YES;
				CLANG_WARN__DUPLICATE_METHOD_MATCH = YES;
				COPY_PHASE_STRIP = NO;
				DEBUG_INFORMATION_FORMAT = dwarf;
				ENABLE_STRICT_OBJC_MSGSEND = YES;
				ENABLE_TESTABILITY = YES;
				ENABLE_USER_SCRIPT_SANDBOXING = YES;
				GCC_C_LANGUAGE_STANDARD = gnu17;
				GCC_DYNAMIC_NO_PIC = NO;
				GCC_NO_COMMON_BLOCKS = YES;
				GCC_OPTIMIZATION_LEVEL = 0;
				GCC_PREPROCESSOR_DEFINITIONS = (
					"DEBUG=1",
					"$(inherited)",
				);
				GCC_WARN_64_TO_32_BIT_CONVERSION = YES;
				GCC_WARN_ABOUT_RETURN_TYPE = YES_ERROR;
				GCC_WARN_UNDECLARED_SELECTOR = YES;
				GCC_WARN_UNINITIALIZED_AUTOS = YES_AGGRESSIVE;
				GCC_WARN_UNUSED_FUNCTION = YES;
				GCC_WARN_UNUSED_VARIABLE = YES;
				IPHONEOS_DEPLOYMENT_TARGET = 18.2;
				LOCALIZATION_PREFERS_STRING_CATALOGS = YES;
				MTL_ENABLE_DEBUG_INFO = INCLUDE_SOURCE;
				MTL_FAST_MATH = YES;
				ONLY_ACTIVE_ARCH = YES;
				SDKROOT = iphoneos;
				SWIFT_ACTIVE_COMPILATION_CONDITIONS = "DEBUG $(inherited)";
				SWIFT_OPTIMIZATION_LEVEL = "-Onone";
			};
			name = Debug;
		};
		6F65DDC42F473E2D001559FA /* Release */ = {
			isa = XCBuildConfiguration;
			buildSettings = {
				ALWAYS_SEARCH_USER_PATHS = NO;
				ASSETCATALOG_COMPILER_GENERATE_SWIFT_ASSET_SYMBOL_EXTENSIONS = YES;
				CLANG_ANALYZER_NONNULL = YES;
				CLANG_ANALYZER_NUMBER_OBJECT_CONVERSION = YES_AGGRESSIVE;
				CLANG_CXX_LANGUAGE_STANDARD = "gnu++20";
				CLANG_ENABLE_MODULES = YES;
				CLANG_ENABLE_OBJC_ARC = YES;
				CLANG_ENABLE_OBJC_WEAK = YES;
				CLANG_WARN_BLOCK_CAPTURE_AUTORELEASING = YES;
				CLANG_WARN_BOOL_CONVERSION = YES;
				CLANG_WARN_COMMA = YES;
				CLANG_WARN_CONSTANT_CONVERSION = YES;
				CLANG_WARN_DEPRECATED_OBJC_IMPLEMENTATIONS = YES;
				CLANG_WARN_DIRECT_OBJC_ISA_USAGE = YES_ERROR;
				CLANG_WARN_DOCUMENTATION_COMMENTS = YES;
				CLANG_WARN_EMPTY_BODY = YES;
				CLANG_WARN_ENUM_CONVERSION = YES;
				CLANG_WARN_INFINITE_RECURSION = YES;
				CLANG_WARN_INT_CONVERSION = YES;
				CLANG_WARN_NON_LITERAL_NULL_CONVERSION = YES;
				CLANG_WARN_OBJC_IMPLICIT_RETAIN_SELF = YES;
				CLANG_WARN_OBJC_LITERAL_CONVERSION = YES;
				CLANG_WARN_OBJC_ROOT_CLASS = YES_ERROR;
				CLANG_WARN_QUOTED_INCLUDE_IN_FRAMEWORK_HEADER = YES;
				CLANG_WARN_RANGE_LOOP_ANALYSIS = YES;
				CLANG_WARN_STRICT_PROTOTYPES = YES;
				CLANG_WARN_SUSPICIOUS_MOVE = YES;
				CLANG_WARN_UNGUARDED_AVAILABILITY = YES_AGGRESSIVE;
				CLANG_WARN_UNREACHABLE_CODE = YES;
				CLANG_WARN__DUPLICATE_METHOD_MATCH = YES;
				COPY_PHASE_STRIP = NO;
				DEBUG_INFORMATION_FORMAT = "dwarf-with-dsym";
				ENABLE_NS_ASSERTIONS = NO;
				ENABLE_STRICT_OBJC_MSGSEND = YES;
				ENABLE_USER_SCRIPT_SANDBOXING = YES;
				GCC_C_LANGUAGE_STANDARD = gnu17;
				GCC_NO_COMMON_BLOCKS = YES;
				GCC_WARN_64_TO_32_BIT_CONVERSION = YES;
				GCC_WARN_ABOUT_RETURN_TYPE = YES_ERROR;
				GCC_WARN_UNDECLARED_SELECTOR = YES;
				GCC_WARN_UNINITIALIZED_AUTOS = YES_AGGRESSIVE;
				GCC_WARN_UNUSED_FUNCTION = YES;
				GCC_WARN_UNUSED_VARIABLE = YES;
				IPHONEOS_DEPLOYMENT_TARGET = 18.2;
				LOCALIZATION_PREFERS_STRING_CATALOGS = YES;
				MTL_ENABLE_DEBUG_INFO = NO;
				MTL_FAST_MATH = YES;
				SDKROOT = iphoneos;
				SWIFT_COMPILATION_MODE = wholemodule;
				VALIDATE_PRODUCT = YES;
			};
			name = Release;
		};
		6F65DDC62F473E2D001559FA /* Debug */ = {
			isa = XCBuildConfiguration;
			buildSettings = {
				ASSETCATALOG_COMPILER_APPICON_NAME = AppIcon;
				ASSETCATALOG_COMPILER_GLOBAL_ACCENT_COLOR_NAME = AccentColor;
				CLANG_ENABLE_MODULES = YES;
				CODE_SIGN_STYLE = Automatic;
				CURRENT_PROJECT_VERSION = 1;
				DEVELOPMENT_ASSET_PATHS = "\"ckpit_sim/Preview Content\"";
				DEVELOPMENT_TEAM = L775D3TBWJ;
				ENABLE_PREVIEWS = YES;
				GENERATE_INFOPLIST_FILE = YES;
				INFOPLIST_KEY_UIApplicationSceneManifest_Generation = YES;
				INFOPLIST_KEY_UIApplicationSupportsIndirectInputEvents = YES;
				INFOPLIST_KEY_UILaunchScreen_Generation = YES;
				INFOPLIST_KEY_UISupportedInterfaceOrientations = "UIInterfaceOrientationLandscapeLeft UIInterfaceOrientationLandscapeRight";
				INFOPLIST_KEY_UISupportedInterfaceOrientations_iPad = "UIInterfaceOrientationLandscapeLeft UIInterfaceOrientationLandscapeRight UIInterfaceOrientationPortrait UIInterfaceOrientationPortraitUpsideDown";
				LD_RUNPATH_SEARCH_PATHS = (
					"$(inherited)",
					"@executable_path/Frameworks",
				);
				MARKETING_VERSION = 1.0;
				PRODUCT_BUNDLE_IDENTIFIER = "com.icloud.XIstrength5.ckpit-sim";
				PRODUCT_NAME = "$(TARGET_NAME)";
				SWIFT_EMIT_LOC_STRINGS = YES;
				SWIFT_OBJC_BRIDGING_HEADER = "c_layer/ckpit_sim-Bridging-Header.h";
				SWIFT_OPTIMIZATION_LEVEL = "-Onone";
				SWIFT_VERSION = 5.0;
				TARGETED_DEVICE_FAMILY = "1,2";
			};
			name = Debug;
		};
		6F65DDC72F473E2D001559FA /* Release */ = {
			isa = XCBuildConfiguration;
			buildSettings = {
				ASSETCATALOG_COMPILER_APPICON_NAME = AppIcon;
				ASSETCATALOG_COMPILER_GLOBAL_ACCENT_COLOR_NAME = AccentColor;
				CLANG_ENABLE_MODULES = YES;
				CODE_SIGN_STYLE = Automatic;
				CURRENT_PROJECT_VERSION = 1;
				DEVELOPMENT_ASSET_PATHS = "\"ckpit_sim/Preview Content\"";
				DEVELOPMENT_TEAM = L775D3TBWJ;
				ENABLE_PREVIEWS = YES;
				GENERATE_INFOPLIST_FILE = YES;
				INFOPLIST_KEY_UIApplicationSceneManifest_Generation = YES;
				INFOPLIST_KEY_UIApplicationSupportsIndirectInputEvents = YES;
				INFOPLIST_KEY_UILaunchScreen_Generation = YES;
				INFOPLIST_KEY_UISupportedInterfaceOrientations = "UIInterfaceOrientationLandscapeLeft UIInterfaceOrientationLandscapeRight";
				INFOPLIST_KEY_UISupportedInterfaceOrientations_iPad = "UIInterfaceOrientationLandscapeLeft UIInterfaceOrientationLandscapeRight UIInterfaceOrientationPortrait UIInterfaceOrientationPortraitUpsideDown";
				LD_RUNPATH_SEARCH_PATHS = (
					"$(inherited)",
					"@executable_path/Frameworks",
				);
				MARKETING_VERSION = 1.0;
				PRODUCT_BUNDLE_IDENTIFIER = "com.icloud.XIstrength5.ckpit-sim";
				PRODUCT_NAME = "$(TARGET_NAME)";
				SWIFT_EMIT_LOC_STRINGS = YES;
				SWIFT_OBJC_BRIDGING_HEADER = "c_layer/ckpit_sim-Bridging-Header.h";
				SWIFT_VERSION = 5.0;
				TARGETED_DEVICE_FAMILY = "1,2";
			};
			name = Release;
		};
		6F65DDC92F473E2D001559FA /* Debug */ = {
			isa = XCBuildConfiguration;
			buildSettings = {
				BUNDLE_LOADER = "$(TEST_HOST)";
				CODE_SIGN_STYLE = Automatic;
				CURRENT_PROJECT_VERSION = 1;
				DEVELOPMENT_TEAM = L775D3TBWJ;
				GENERATE_INFOPLIST_FILE = YES;
				IPHONEOS_DEPLOYMENT_TARGET = 18.2;
				MARKETING_VERSION = 1.0;
				PRODUCT_BUNDLE_IDENTIFIER = "com.icloud.XIstrength5.ckpit-simTests";
				PRODUCT_NAME = "$(TARGET_NAME)";
				SWIFT_EMIT_LOC_STRINGS = NO;
				SWIFT_VERSION = 5.0;
				TARGETED_DEVICE_FAMILY = "1,2";
				TEST_HOST = "$(BUILT_PRODUCTS_DIR)/ckpit_sim.app/$(BUNDLE_EXECUTABLE_FOLDER_PATH)/ckpit_sim";
			};
			name = Debug;
		};
		6F65DDCA2F473E2D001559FA /* Release */ = {
			isa = XCBuildConfiguration;
			buildSettings = {
				BUNDLE_LOADER = "$(TEST_HOST)";
				CODE_SIGN_STYLE = Automatic;
				CURRENT_PROJECT_VERSION = 1;
				DEVELOPMENT_TEAM = L775D3TBWJ;
				GENERATE_INFOPLIST_FILE = YES;
				IPHONEOS_DEPLOYMENT_TARGET = 18.2;
				MARKETING_VERSION = 1.0;
				PRODUCT_BUNDLE_IDENTIFIER = "com.icloud.XIstrength5.ckpit-simTests";
				PRODUCT_NAME = "$(TARGET_NAME)";
				SWIFT_EMIT_LOC_STRINGS = NO;
				SWIFT_VERSION = 5.0;
				TARGETED_DEVICE_FAMILY = "1,2";
				TEST_HOST = "$(BUILT_PRODUCTS_DIR)/ckpit_sim.app/$(BUNDLE_EXECUTABLE_FOLDER_PATH)/ckpit_sim";
			};
			name = Release;
		};
		6F65DDCC2F473E2D001559FA /* Debug */ = {
			isa = XCBuildConfiguration;
			buildSettings = {
				CODE_SIGN_STYLE = Automatic;
				CURRENT_PROJECT_VERSION = 1;
				DEVELOPMENT_TEAM = L775D3TBWJ;
				GENERATE_INFOPLIST_FILE = YES;
				MARKETING_VERSION = 1.0;
				PRODUCT_BUNDLE_IDENTIFIER = "com.icloud.XIstrength5.ckpit-simUITests";
				PRODUCT_NAME = "$(TARGET_NAME)";
				SWIFT_EMIT_LOC_STRINGS = NO;
				SWIFT_VERSION = 5.0;
				TARGETED_DEVICE_FAMILY = "1,2";
				TEST_TARGET_NAME = ckpit_sim;
			};
			name = Debug;
		};
		6F65DDCD2F473E2D001559FA /* Release */ = {
			isa = XCBuildConfiguration;
			buildSettings = {
				CODE_SIGN_STYLE = Automatic;
				CURRENT_PROJECT_VERSION = 1;
				DEVELOPMENT_TEAM = L775D3TBWJ;
				GENERATE_INFOPLIST_FILE = YES;
				MARKETING_VERSION = 1.0;
				PRODUCT_BUNDLE_IDENTIFIER = "com.icloud.XIstrength5.ckpit-simUITests";
				PRODUCT_NAME = "$(TARGET_NAME)";
				SWIFT_EMIT_LOC_STRINGS = NO;
				SWIFT_VERSION = 5.0;
				TARGETED_DEVICE_FAMILY = "1,2";
				TEST_TARGET_NAME = ckpit_sim;
			};
			name = Release;
		};
/* End XCBuildConfiguration section */

/* Begin XCConfigurationList section */
		6F65DD9C2F473E2A001559FA /* Build configuration list for PBXProject "ckpit_sim" */ = {
			isa = XCConfigurationList;
			buildConfigurations = (
				6F65DDC32F473E2D001559FA /* Debug */,
				6F65DDC42F473E2D001559FA /* Release */,
			);
			defaultConfigurationIsVisible = 0;
			defaultConfigurationName = Release;
		};
		6F65DDC52F473E2D001559FA /* Build configuration list for PBXNativeTarget "ckpit_sim" */ = {
			isa = XCConfigurationList;
			buildConfigurations = (
				6F65DDC62F473E2D001559FA /* Debug */,
				6F65DDC72F473E2D001559FA /* Release */,
			);
			defaultConfigurationIsVisible = 0;
			defaultConfigurationName = Release;
		};
		6F65DDC82F473E2D001559FA /* Build configuration list for PBXNativeTarget "ckpit_simTests" */ = {
			isa = XCConfigurationList;
			buildConfigurations = (
				6F65DDC92F473E2D001559FA /* Debug */,
				6F65DDCA2F473E2D001559FA /* Release */,
			);
			defaultConfigurationIsVisible = 0;
			defaultConfigurationName = Release;
		};
		6F65DDCB2F473E2D001559FA /* Build configuration list for PBXNativeTarget "ckpit_simUITests" */ = {
			isa = XCConfigurationList;
			buildConfigurations = (
				6F65DDCC2F473E2D001559FA /* Debug */,
				6F65DDCD2F473E2D001559FA /* Release */,
			);
			defaultConfigurationIsVisible = 0;
			defaultConfigurationName = Release;
		};
/* End XCConfigurationList section */
	};
	rootObject = 6F65DD992F473E2A001559FA /* Project object */;
}
